// !$*UTF8*$!
{
	archiveVersion = 1;
	classes = {
	};
	objectVersion = 46;
	objects = {

/* Begin PBXFileReference section */
		2275BB8F132EAC9D002D8876 /* libiproc.dylib */ = {isa = PBXFileReference; explicitFileType = "compiled.mach-o.dylib"; includeInIndex = 0; path = libiproc.dylib; sourceTree = BUILT_PRODUCTS_DIR; };
/* End PBXFileReference section */

/* Begin PBXFrameworksBuildPhase section */
		2275BB8C132EAC9D002D8876 /* Frameworks */ = {
			isa = PBXFrameworksBuildPhase;
			buildActionMask = 2147483647;
			files = (
			);
			runOnlyForDeploymentPostprocessing = 0;
		};
/* End PBXFrameworksBuildPhase section */

/* Begin PBXGroup section */
		2275BB84132EAC9D002D8876 = {
			isa = PBXGroup;
			children = (
				2275BB90132EAC9D002D8876 /* Products */,
			);
			sourceTree = "<group>";
		};
		2275BB90132EAC9D002D8876 /* Products */ = {
			isa = PBXGroup;
			children = (
				2275BB8F132EAC9D002D8876 /* libiproc.dylib */,
			);
			name = Products;
			sourceTree = "<group>";
		};
/* End PBXGroup section */

/* Begin PBXHeadersBuildPhase section */
		2275BB8D132EAC9D002D8876 /* Headers */ = {
			isa = PBXHeadersBuildPhase;
			buildActionMask = 2147483647;
			files = (
			);
			runOnlyForDeploymentPostprocessing = 0;
		};
/* End PBXHeadersBuildPhase section */

/* Begin PBXNativeTarget section */
		2275BB8E132EAC9D002D8876 /* iproc */ = {
			isa = PBXNativeTarget;
			buildConfigurationList = 2275BB93132EAC9D002D8876 /* Build configuration list for PBXNativeTarget "iproc" */;
			buildPhases = (
				2275BB8B132EAC9D002D8876 /* Sources */,
				2275BB8C132EAC9D002D8876 /* Frameworks */,
				2275BB8D132EAC9D002D8876 /* Headers */,
			);
			buildRules = (
			);
			dependencies = (
			);
			name = iproc;
			productName = iproc;
			productReference = 2275BB8F132EAC9D002D8876 /* libiproc.dylib */;
			productType = "com.apple.product-type.library.dynamic";
		};
/* End PBXNativeTarget section */

/* Begin PBXProject section */
		2275BB86132EAC9D002D8876 /* Project object */ = {
			isa = PBXProject;
			attributes = {
				ORGANIZATIONNAME = "Patrick Perry";
			};
			buildConfigurationList = 2275BB89132EAC9D002D8876 /* Build configuration list for PBXProject "iproc" */;
			compatibilityVersion = "Xcode 3.2";
			developmentRegion = English;
			hasScannedForEncodings = 0;
			knownRegions = (
				en,
			);
			mainGroup = 2275BB84132EAC9D002D8876;
			productRefGroup = 2275BB90132EAC9D002D8876 /* Products */;
			projectDirPath = "";
			projectRoot = "";
			targets = (
				2275BB8E132EAC9D002D8876 /* iproc */,
			);
		};
/* End PBXProject section */

/* Begin PBXSourcesBuildPhase section */
		2275BB8B132EAC9D002D8876 /* Sources */ = {
			isa = PBXSourcesBuildPhase;
			buildActionMask = 2147483647;
			files = (
			);
			runOnlyForDeploymentPostprocessing = 0;
		};
/* End PBXSourcesBuildPhase section */

/* Begin XCBuildConfiguration section */
		2275BB91132EAC9D002D8876 /* Debug */ = {
			isa = XCBuildConfiguration;
			buildSettings = {
				ARCHS = "$(ARCHS_STANDARD_32_64_BIT)";
				GCC_C_LANGUAGE_STANDARD = gnu99;
				GCC_OPTIMIZATION_LEVEL = 0;
				GCC_PREPROCESSOR_DEFINITIONS = DEBUG;
				GCC_SYMBOLS_PRIVATE_EXTERN = NO;
				GCC_VERSION = com.apple.compilers.llvm.clang.1_0;
				GCC_WARN_64_TO_32_BIT_CONVERSION = YES;
				GCC_WARN_ABOUT_RETURN_TYPE = YES;
				GCC_WARN_UNUSED_VARIABLE = YES;
				MACOSX_DEPLOYMENT_TARGET = 10.6;
				ONLY_ACTIVE_ARCH = YES;
				SDKROOT = macosx;
			};
			name = Debug;
		};
		2275BB92132EAC9D002D8876 /* Release */ = {
			isa = XCBuildConfiguration;
			buildSettings = {
				ARCHS = "$(ARCHS_STANDARD_32_64_BIT)";
				GCC_C_LANGUAGE_STANDARD = gnu99;
				GCC_VERSION = com.apple.compilers.llvm.clang.1_0;
				GCC_WARN_64_TO_32_BIT_CONVERSION = YES;
				GCC_WARN_ABOUT_RETURN_TYPE = YES;
				GCC_WARN_UNUSED_VARIABLE = YES;
				MACOSX_DEPLOYMENT_TARGET = 10.6;
				SDKROOT = macosx;
			};
			name = Release;
		};
		2275BB94132EAC9D002D8876 /* Debug */ = {
			isa = XCBuildConfiguration;
			buildSettings = {
				ALWAYS_SEARCH_USER_PATHS = NO;
				COPY_PHASE_STRIP = NO;
				EXECUTABLE_PREFIX = lib;
				GCC_DYNAMIC_NO_PIC = NO;
				GCC_ENABLE_OBJC_EXCEPTIONS = YES;
				PRODUCT_NAME = "$(TARGET_NAME)";
			};
			name = Debug;
		};
		2275BB95132EAC9D002D8876 /* Release */ = {
			isa = XCBuildConfiguration;
			buildSettings = {
				ALWAYS_SEARCH_USER_PATHS = NO;
				COPY_PHASE_STRIP = YES;
				DEBUG_INFORMATION_FORMAT = "dwarf-with-dsym";
				EXECUTABLE_PREFIX = lib;
				GCC_ENABLE_OBJC_EXCEPTIONS = YES;
				PRODUCT_NAME = "$(TARGET_NAME)";
			};
			name = Release;
		};
/* End XCBuildConfiguration section */

/* Begin XCConfigurationList section */
		2275BB89132EAC9D002D8876 /* Build configuration list for PBXProject "iproc" */ = {
			isa = XCConfigurationList;
			buildConfigurations = (
				2275BB91132EAC9D002D8876 /* Debug */,
				2275BB92132EAC9D002D8876 /* Release */,
			);
			defaultConfigurationIsVisible = 0;
			defaultConfigurationName = Release;
		};
		2275BB93132EAC9D002D8876 /* Build configuration list for PBXNativeTarget "iproc" */ = {
			isa = XCConfigurationList;
			buildConfigurations = (
				2275BB94132EAC9D002D8876 /* Debug */,
				2275BB95132EAC9D002D8876 /* Release */,
			);
			defaultConfigurationIsVisible = 0;
		};
/* End XCConfigurationList section */
	};
	rootObject = 2275BB86132EAC9D002D8876 /* Project object */;
}
