// !$*UTF8*$!
{
	archiveVersion = 1;
	classes = {
	};
	objectVersion = 46;
	objects = {

/* Begin PBXBuildFile section */
		221C5FDB134DB9BC0008B25B /* port.h in Headers */ = {isa = PBXBuildFile; fileRef = 221C5FDA134DB9BC0008B25B /* port.h */; };
		221C5FED134E230D0008B25B /* array.c in Sources */ = {isa = PBXBuildFile; fileRef = 221C5FEB134E230D0008B25B /* array.c */; };
		221C5FEE134E230D0008B25B /* array.h in Headers */ = {isa = PBXBuildFile; fileRef = 221C5FEC134E230D0008B25B /* array.h */; };
		221C5FF1134EB7E60008B25B /* util.c in Sources */ = {isa = PBXBuildFile; fileRef = 221C5FF0134EB7E50008B25B /* util.c */; };
		221C600E134FADCD0008B25B /* sarray.c in Sources */ = {isa = PBXBuildFile; fileRef = 221C600C134FADCD0008B25B /* sarray.c */; };
		221C600F134FADCD0008B25B /* sarray.h in Headers */ = {isa = PBXBuildFile; fileRef = 221C600D134FADCD0008B25B /* sarray.h */; };
		221C601513511ADA0008B25B /* macconfig.h in Headers */ = {isa = PBXBuildFile; fileRef = 221C601413511AD80008B25B /* macconfig.h */; };
		221C60181351FF8F0008B25B /* hashset.c in Sources */ = {isa = PBXBuildFile; fileRef = 221C60161351FF7C0008B25B /* hashset.c */; };
		221C60191351FF8F0008B25B /* hashset.h in Headers */ = {isa = PBXBuildFile; fileRef = 221C60171351FF800008B25B /* hashset.h */; };
		221FEE96132EC8710000097B /* blas-private.h in Headers */ = {isa = PBXBuildFile; fileRef = 221FEE6D132EC8710000097B /* blas-private.h */; };
		221FEE9D132EC8710000097B /* hash.c in Sources */ = {isa = PBXBuildFile; fileRef = 221FEE74132EC8710000097B /* hash.c */; };
		221FEE9E132EC8710000097B /* hash.h in Headers */ = {isa = PBXBuildFile; fileRef = 221FEE75132EC8710000097B /* hash.h */; };
		221FEEA1132EC8710000097B /* ieee754.c in Sources */ = {isa = PBXBuildFile; fileRef = 221FEE78132EC8710000097B /* ieee754.c */; };
		221FEEA2132EC8710000097B /* ieee754.h in Headers */ = {isa = PBXBuildFile; fileRef = 221FEE79132EC8710000097B /* ieee754.h */; };
		221FEEA5132EC8710000097B /* logsumexp.c in Sources */ = {isa = PBXBuildFile; fileRef = 221FEE7C132EC8710000097B /* logsumexp.c */; };
		221FEEA6132EC8710000097B /* logsumexp.h in Headers */ = {isa = PBXBuildFile; fileRef = 221FEE7D132EC8710000097B /* logsumexp.h */; };
		221FEEA9132EC8710000097B /* memory.h in Headers */ = {isa = PBXBuildFile; fileRef = 221FEE80132EC8710000097B /* memory.h */; };
		221FEEB0132EC8710000097B /* refcount.c in Sources */ = {isa = PBXBuildFile; fileRef = 221FEE87132EC8710000097B /* refcount.c */; };
		221FEEB1132EC8710000097B /* refcount.h in Headers */ = {isa = PBXBuildFile; fileRef = 221FEE88132EC8710000097B /* refcount.h */; };
		221FEEB4132EC8710000097B /* svector.c in Sources */ = {isa = PBXBuildFile; fileRef = 221FEE8B132EC8710000097B /* svector.c */; };
		221FEEB5132EC8710000097B /* svector.h in Headers */ = {isa = PBXBuildFile; fileRef = 221FEE8C132EC8710000097B /* svector.h */; };
		221FEEB6132EC8710000097B /* util.h in Headers */ = {isa = PBXBuildFile; fileRef = 221FEE8D132EC8710000097B /* util.h */; };
		221FEEB7132EC8710000097B /* vector.c in Sources */ = {isa = PBXBuildFile; fileRef = 221FEE8E132EC8710000097B /* vector.c */; };
		221FEEB8132EC8710000097B /* vector.h in Headers */ = {isa = PBXBuildFile; fileRef = 221FEE8F132EC8710000097B /* vector.h */; };
		221FEEE0132ECAAE0000097B /* R.framework in Frameworks */ = {isa = PBXBuildFile; fileRef = 221FEEDC132EC91A0000097B /* R.framework */; };
		221FEEE9132ED2B40000097B /* vecLib.framework in Frameworks */ = {isa = PBXBuildFile; fileRef = 221FEEE8132ED2B40000097B /* vecLib.framework */; };
		2223CD10134D76F8004FA7F9 /* darray.c in Sources */ = {isa = PBXBuildFile; fileRef = 2223CD0E134D76F8004FA7F9 /* darray.c */; };
		2223CD11134D76F8004FA7F9 /* darray.h in Headers */ = {isa = PBXBuildFile; fileRef = 2223CD0F134D76F8004FA7F9 /* darray.h */; };
		2223CD33134D8C6F004FA7F9 /* darray_test.c in Sources */ = {isa = PBXBuildFile; fileRef = 2223CD20134D8C11004FA7F9 /* darray_test.c */; settings = {COMPILER_FLAGS = "-I$(SRCROOT)/tests/cmockery"; }; };
		2223CD34134D8C88004FA7F9 /* libcmockery.dylib in Frameworks */ = {isa = PBXBuildFile; fileRef = 22678906134CD584001309F5 /* libcmockery.dylib */; };
		2223CD35134D8C88004FA7F9 /* libRiproc.dylib in Frameworks */ = {isa = PBXBuildFile; fileRef = 224D0557132EC113007F5646 /* libRiproc.dylib */; };
		225973FF133CE9AD0022B52E /* compare.h in Headers */ = {isa = PBXBuildFile; fileRef = 225973FD133CE9AD0022B52E /* compare.h */; };
		22597402133D081B0022B52E /* matrix.c in Sources */ = {isa = PBXBuildFile; fileRef = 22597400133D081A0022B52E /* matrix.c */; };
		22597403133D081B0022B52E /* matrix.h in Headers */ = {isa = PBXBuildFile; fileRef = 22597401133D081A0022B52E /* matrix.h */; };
		2259741C133D0AFB0022B52E /* actors.c in Sources */ = {isa = PBXBuildFile; fileRef = 22597405133D0AFB0022B52E /* actors.c */; };
		2259741D133D0AFB0022B52E /* actors.h in Headers */ = {isa = PBXBuildFile; fileRef = 22597406133D0AFB0022B52E /* actors.h */; };
		2259741E133D0AFB0022B52E /* design-ctx.c in Sources */ = {isa = PBXBuildFile; fileRef = 22597407133D0AFB0022B52E /* design-ctx.c */; };
		2259741F133D0AFB0022B52E /* design.c in Sources */ = {isa = PBXBuildFile; fileRef = 22597408133D0AFB0022B52E /* design.c */; };
		22597420133D0AFB0022B52E /* design.h in Headers */ = {isa = PBXBuildFile; fileRef = 22597409133D0AFB0022B52E /* design.h */; };
		22597421133D0AFB0022B52E /* fit.c in Sources */ = {isa = PBXBuildFile; fileRef = 2259740A133D0AFB0022B52E /* fit.c */; };
		22597422133D0AFB0022B52E /* fit.h in Headers */ = {isa = PBXBuildFile; fileRef = 2259740B133D0AFB0022B52E /* fit.h */; };
		22597423133D0AFB0022B52E /* history.c in Sources */ = {isa = PBXBuildFile; fileRef = 2259740C133D0AFB0022B52E /* history.c */; };
		22597424133D0AFB0022B52E /* history.h in Headers */ = {isa = PBXBuildFile; fileRef = 2259740D133D0AFB0022B52E /* history.h */; };
		22597425133D0AFB0022B52E /* loglik.c in Sources */ = {isa = PBXBuildFile; fileRef = 2259740E133D0AFB0022B52E /* loglik.c */; };
		22597426133D0AFB0022B52E /* loglik.h in Headers */ = {isa = PBXBuildFile; fileRef = 2259740F133D0AFB0022B52E /* loglik.h */; };
		22597427133D0AFB0022B52E /* message-iter.c in Sources */ = {isa = PBXBuildFile; fileRef = 22597410133D0AFB0022B52E /* message-iter.c */; };
		22597428133D0AFB0022B52E /* messages.c in Sources */ = {isa = PBXBuildFile; fileRef = 22597411133D0AFB0022B52E /* messages.c */; };
		22597429133D0AFB0022B52E /* messages.h in Headers */ = {isa = PBXBuildFile; fileRef = 22597412133D0AFB0022B52E /* messages.h */; };
		2259742A133D0AFB0022B52E /* model-ctx.c in Sources */ = {isa = PBXBuildFile; fileRef = 22597413133D0AFB0022B52E /* model-ctx.c */; };
		2259742B133D0AFB0022B52E /* model.c in Sources */ = {isa = PBXBuildFile; fileRef = 22597414133D0AFB0022B52E /* model.c */; };
		2259742C133D0AFB0022B52E /* model.h in Headers */ = {isa = PBXBuildFile; fileRef = 22597415133D0AFB0022B52E /* model.h */; };
		2259742D133D0AFB0022B52E /* sloglik.c in Sources */ = {isa = PBXBuildFile; fileRef = 22597416133D0AFB0022B52E /* sloglik.c */; };
		2259742E133D0AFB0022B52E /* sloglik.h in Headers */ = {isa = PBXBuildFile; fileRef = 22597417133D0AFB0022B52E /* sloglik.h */; };
		2259742F133D0AFB0022B52E /* trace.c in Sources */ = {isa = PBXBuildFile; fileRef = 22597418133D0AFB0022B52E /* trace.c */; };
		22597430133D0AFB0022B52E /* trace.h in Headers */ = {isa = PBXBuildFile; fileRef = 22597419133D0AFB0022B52E /* trace.h */; };
		22597431133D0AFB0022B52E /* vrecip.c in Sources */ = {isa = PBXBuildFile; fileRef = 2259741A133D0AFB0022B52E /* vrecip.c */; };
		22597432133D0AFB0022B52E /* vrecip.h in Headers */ = {isa = PBXBuildFile; fileRef = 2259741B133D0AFB0022B52E /* vrecip.h */; };
		22597435133D0BD30022B52E /* pqueue.c in Sources */ = {isa = PBXBuildFile; fileRef = 22597433133D0BD20022B52E /* pqueue.c */; };
		22597436133D0BD30022B52E /* pqueue.h in Headers */ = {isa = PBXBuildFile; fileRef = 22597434133D0BD20022B52E /* pqueue.h */; };
		225DAD64132FE4B700696C9B /* s_cmp.c in Sources */ = {isa = PBXBuildFile; fileRef = 225DAD62132FE4B700696C9B /* s_cmp.c */; };
		225DAD65132FE4B700696C9B /* s_copy.c in Sources */ = {isa = PBXBuildFile; fileRef = 225DAD63132FE4B700696C9B /* s_copy.c */; };
		2267890D134CD5B3001309F5 /* cmockery.c in Sources */ = {isa = PBXBuildFile; fileRef = 2267890B134CD5B3001309F5 /* cmockery.c */; };
		2267890E134CD5B3001309F5 /* cmockery.h in Headers */ = {isa = PBXBuildFile; fileRef = 2267890C134CD5B3001309F5 /* cmockery.h */; };
		2267891D134CD66F001309F5 /* pqueue_test.c in Sources */ = {isa = PBXBuildFile; fileRef = 2267891C134CD66F001309F5 /* pqueue_test.c */; settings = {COMPILER_FLAGS = "-I$(SRCROOT)/tests/cmockery"; }; };
		2267891F134CD6AB001309F5 /* libRiproc.dylib in Frameworks */ = {isa = PBXBuildFile; fileRef = 224D0557132EC113007F5646 /* libRiproc.dylib */; };
		22678934134CD75B001309F5 /* libcmockery.dylib in Frameworks */ = {isa = PBXBuildFile; fileRef = 22678906134CD584001309F5 /* libcmockery.dylib */; };
		22708BB013311B8E0055AD94 /* r-actors.c in Sources */ = {isa = PBXBuildFile; fileRef = 22708B9E13311B8E0055AD94 /* r-actors.c */; };
		22708BB113311B8E0055AD94 /* r-actors.h in Headers */ = {isa = PBXBuildFile; fileRef = 22708B9F13311B8E0055AD94 /* r-actors.h */; };
		22708BB213311B8E0055AD94 /* r-cursor.c in Sources */ = {isa = PBXBuildFile; fileRef = 22708BA013311B8E0055AD94 /* r-cursor.c */; };
		22708BB313311B8E0055AD94 /* r-cursor.h in Headers */ = {isa = PBXBuildFile; fileRef = 22708BA113311B8E0055AD94 /* r-cursor.h */; };
		22708BB513311B8E0055AD94 /* r-design.c in Sources */ = {isa = PBXBuildFile; fileRef = 22708BA313311B8E0055AD94 /* r-design.c */; };
		22708BB613311B8E0055AD94 /* r-design.h in Headers */ = {isa = PBXBuildFile; fileRef = 22708BA413311B8E0055AD94 /* r-design.h */; };
		22708BB713311B8E0055AD94 /* r-fit.c in Sources */ = {isa = PBXBuildFile; fileRef = 22708BA513311B8E0055AD94 /* r-fit.c */; };
		22708BB813311B8E0055AD94 /* r-fit.h in Headers */ = {isa = PBXBuildFile; fileRef = 22708BA613311B8E0055AD94 /* r-fit.h */; };
		22708BB913311B8E0055AD94 /* r-init.c in Sources */ = {isa = PBXBuildFile; fileRef = 22708BA713311B8E0055AD94 /* r-init.c */; };
		22708BBA13311B8E0055AD94 /* r-loglik.c in Sources */ = {isa = PBXBuildFile; fileRef = 22708BA813311B8E0055AD94 /* r-loglik.c */; };
		22708BBB13311B8E0055AD94 /* r-loglik.h in Headers */ = {isa = PBXBuildFile; fileRef = 22708BA913311B8E0055AD94 /* r-loglik.h */; };
		22708BBC13311B8E0055AD94 /* r-messages.c in Sources */ = {isa = PBXBuildFile; fileRef = 22708BAA13311B8E0055AD94 /* r-messages.c */; };
		22708BBD13311B8E0055AD94 /* r-messages.h in Headers */ = {isa = PBXBuildFile; fileRef = 22708BAB13311B8E0055AD94 /* r-messages.h */; };
		22708BBE13311B8E0055AD94 /* r-model.c in Sources */ = {isa = PBXBuildFile; fileRef = 22708BAC13311B8E0055AD94 /* r-model.c */; };
		22708BBF13311B8E0055AD94 /* r-model.h in Headers */ = {isa = PBXBuildFile; fileRef = 22708BAD13311B8E0055AD94 /* r-model.h */; };
		22708BC013311B8E0055AD94 /* r-utils.c in Sources */ = {isa = PBXBuildFile; fileRef = 22708BAE13311B8E0055AD94 /* r-utils.c */; };
		22708BC113311B8E0055AD94 /* r-utils.h in Headers */ = {isa = PBXBuildFile; fileRef = 22708BAF13311B8E0055AD94 /* r-utils.h */; };
		22867A12132FDA830090D617 /* dcsrch.c in Sources */ = {isa = PBXBuildFile; fileRef = 22867A10132FDA830090D617 /* dcsrch.c */; };
		22867A13132FDA830090D617 /* dcstep.c in Sources */ = {isa = PBXBuildFile; fileRef = 22867A11132FDA830090D617 /* dcstep.c */; };
		22867A16132FDABD0090D617 /* f2c.h in Headers */ = {isa = PBXBuildFile; fileRef = 22867A15132FDABD0090D617 /* f2c.h */; };
		22A2F8A2133158B000E97C79 /* config.h in Headers */ = {isa = PBXBuildFile; fileRef = 22A2F8A1133158B000E97C79 /* config.h */; };
/* End PBXBuildFile section */

/* Begin PBXContainerItemProxy section */
		2223CD2F134D8C65004FA7F9 /* PBXContainerItemProxy */ = {
			isa = PBXContainerItemProxy;
			containerPortal = 2275BB86132EAC9D002D8876 /* Project object */;
			proxyType = 1;
			remoteGlobalIDString = 22678905134CD584001309F5;
			remoteInfo = cmockery;
		};
		2223CD31134D8C69004FA7F9 /* PBXContainerItemProxy */ = {
			isa = PBXContainerItemProxy;
			containerPortal = 2275BB86132EAC9D002D8876 /* Project object */;
			proxyType = 1;
			remoteGlobalIDString = 224D0556132EC113007F5646;
			remoteInfo = Riproc;
		};
		22678924134CD708001309F5 /* PBXContainerItemProxy */ = {
			isa = PBXContainerItemProxy;
			containerPortal = 2275BB86132EAC9D002D8876 /* Project object */;
			proxyType = 1;
			remoteGlobalIDString = 22678905134CD584001309F5;
			remoteInfo = cmockery;
		};
/* End PBXContainerItemProxy section */

/* Begin PBXCopyFilesBuildPhase section */
		2223CD24134D8C4D004FA7F9 /* CopyFiles */ = {
			isa = PBXCopyFilesBuildPhase;
			buildActionMask = 2147483647;
			dstPath = /usr/share/man/man1/;
			dstSubfolderSpec = 0;
			files = (
			);
			runOnlyForDeploymentPostprocessing = 1;
		};
		22678911134CD651001309F5 /* CopyFiles */ = {
			isa = PBXCopyFilesBuildPhase;
			buildActionMask = 2147483647;
			dstPath = /usr/share/man/man1/;
			dstSubfolderSpec = 0;
			files = (
			);
			runOnlyForDeploymentPostprocessing = 1;
		};
/* End PBXCopyFilesBuildPhase section */

/* Begin PBXFileReference section */
		221C5FDA134DB9BC0008B25B /* port.h */ = {isa = PBXFileReference; fileEncoding = 4; lastKnownFileType = sourcecode.c.h; name = port.h; path = src/core/port.h; sourceTree = "<group>"; };
		221C5FEB134E230D0008B25B /* array.c */ = {isa = PBXFileReference; fileEncoding = 4; lastKnownFileType = sourcecode.c.c; name = array.c; path = src/core/array.c; sourceTree = "<group>"; };
		221C5FEC134E230D0008B25B /* array.h */ = {isa = PBXFileReference; fileEncoding = 4; lastKnownFileType = sourcecode.c.h; name = array.h; path = src/core/array.h; sourceTree = "<group>"; xcLanguageSpecificationIdentifier = xcode.lang.c; };
		221C5FF0134EB7E50008B25B /* util.c */ = {isa = PBXFileReference; fileEncoding = 4; lastKnownFileType = sourcecode.c.c; name = util.c; path = src/core/util.c; sourceTree = "<group>"; };
		221C600C134FADCD0008B25B /* sarray.c */ = {isa = PBXFileReference; fileEncoding = 4; lastKnownFileType = sourcecode.c.c; name = sarray.c; path = src/core/sarray.c; sourceTree = "<group>"; };
		221C600D134FADCD0008B25B /* sarray.h */ = {isa = PBXFileReference; fileEncoding = 4; lastKnownFileType = sourcecode.c.h; name = sarray.h; path = src/core/sarray.h; sourceTree = "<group>"; };
		221C601413511AD80008B25B /* macconfig.h */ = {isa = PBXFileReference; fileEncoding = 4; lastKnownFileType = sourcecode.c.h; name = macconfig.h; path = src/core/macconfig.h; sourceTree = "<group>"; };
		221C60161351FF7C0008B25B /* hashset.c */ = {isa = PBXFileReference; fileEncoding = 4; lastKnownFileType = sourcecode.c.c; name = hashset.c; path = src/core/hashset.c; sourceTree = "<group>"; };
		221C60171351FF800008B25B /* hashset.h */ = {isa = PBXFileReference; fileEncoding = 4; lastKnownFileType = sourcecode.c.h; name = hashset.h; path = src/core/hashset.h; sourceTree = "<group>"; };
		221FEE6D132EC8710000097B /* blas-private.h */ = {isa = PBXFileReference; fileEncoding = 4; lastKnownFileType = sourcecode.c.h; name = "blas-private.h"; path = "src/core/blas-private.h"; sourceTree = "<group>"; };
		221FEE74132EC8710000097B /* hash.c */ = {isa = PBXFileReference; fileEncoding = 4; lastKnownFileType = sourcecode.c.c; name = hash.c; path = src/core/hash.c; sourceTree = "<group>"; };
		221FEE75132EC8710000097B /* hash.h */ = {isa = PBXFileReference; fileEncoding = 4; lastKnownFileType = sourcecode.c.h; name = hash.h; path = src/core/hash.h; sourceTree = "<group>"; };
		221FEE78132EC8710000097B /* ieee754.c */ = {isa = PBXFileReference; fileEncoding = 4; lastKnownFileType = sourcecode.c.c; name = ieee754.c; path = src/core/ieee754.c; sourceTree = "<group>"; };
		221FEE79132EC8710000097B /* ieee754.h */ = {isa = PBXFileReference; fileEncoding = 4; lastKnownFileType = sourcecode.c.h; name = ieee754.h; path = src/core/ieee754.h; sourceTree = "<group>"; };
		221FEE7C132EC8710000097B /* logsumexp.c */ = {isa = PBXFileReference; fileEncoding = 4; lastKnownFileType = sourcecode.c.c; name = logsumexp.c; path = src/core/logsumexp.c; sourceTree = "<group>"; };
		221FEE7D132EC8710000097B /* logsumexp.h */ = {isa = PBXFileReference; fileEncoding = 4; lastKnownFileType = sourcecode.c.h; name = logsumexp.h; path = src/core/logsumexp.h; sourceTree = "<group>"; };
		221FEE80132EC8710000097B /* memory.h */ = {isa = PBXFileReference; fileEncoding = 4; lastKnownFileType = sourcecode.c.h; name = memory.h; path = src/core/memory.h; sourceTree = "<group>"; };
		221FEE87132EC8710000097B /* refcount.c */ = {isa = PBXFileReference; fileEncoding = 4; lastKnownFileType = sourcecode.c.c; name = refcount.c; path = src/core/refcount.c; sourceTree = "<group>"; };
		221FEE88132EC8710000097B /* refcount.h */ = {isa = PBXFileReference; fileEncoding = 4; lastKnownFileType = sourcecode.c.h; name = refcount.h; path = src/core/refcount.h; sourceTree = "<group>"; };
		221FEE8B132EC8710000097B /* svector.c */ = {isa = PBXFileReference; fileEncoding = 4; lastKnownFileType = sourcecode.c.c; name = svector.c; path = src/core/svector.c; sourceTree = "<group>"; };
		221FEE8C132EC8710000097B /* svector.h */ = {isa = PBXFileReference; fileEncoding = 4; lastKnownFileType = sourcecode.c.h; name = svector.h; path = src/core/svector.h; sourceTree = "<group>"; };
		221FEE8D132EC8710000097B /* util.h */ = {isa = PBXFileReference; fileEncoding = 4; lastKnownFileType = sourcecode.c.h; name = util.h; path = src/core/util.h; sourceTree = "<group>"; xcLanguageSpecificationIdentifier = xcode.lang.c; };
		221FEE8E132EC8710000097B /* vector.c */ = {isa = PBXFileReference; fileEncoding = 4; lastKnownFileType = sourcecode.c.c; name = vector.c; path = src/core/vector.c; sourceTree = "<group>"; };
		221FEE8F132EC8710000097B /* vector.h */ = {isa = PBXFileReference; fileEncoding = 4; lastKnownFileType = sourcecode.c.h; name = vector.h; path = src/core/vector.h; sourceTree = "<group>"; xcLanguageSpecificationIdentifier = xcode.lang.c; };
		221FEEDC132EC91A0000097B /* R.framework */ = {isa = PBXFileReference; lastKnownFileType = wrapper.framework; name = R.framework; path = Library/Frameworks/R.framework; sourceTree = SDKROOT; };
		221FEEE8132ED2B40000097B /* vecLib.framework */ = {isa = PBXFileReference; lastKnownFileType = wrapper.framework; name = vecLib.framework; path = System/Library/Frameworks/vecLib.framework; sourceTree = SDKROOT; };
		2223CD0E134D76F8004FA7F9 /* darray.c */ = {isa = PBXFileReference; fileEncoding = 4; lastKnownFileType = sourcecode.c.c; name = darray.c; path = src/core/darray.c; sourceTree = "<group>"; };
		2223CD0F134D76F8004FA7F9 /* darray.h */ = {isa = PBXFileReference; fileEncoding = 4; lastKnownFileType = sourcecode.c.h; name = darray.h; path = src/core/darray.h; sourceTree = "<group>"; xcLanguageSpecificationIdentifier = xcode.lang.c; };
		2223CD20134D8C11004FA7F9 /* darray_test.c */ = {isa = PBXFileReference; fileEncoding = 4; lastKnownFileType = sourcecode.c.c; name = darray_test.c; path = tests/darray_test.c; sourceTree = "<group>"; };
		2223CD26134D8C4D004FA7F9 /* darray_test */ = {isa = PBXFileReference; explicitFileType = "compiled.mach-o.executable"; includeInIndex = 0; path = darray_test; sourceTree = BUILT_PRODUCTS_DIR; };
		224D0557132EC113007F5646 /* libRiproc.dylib */ = {isa = PBXFileReference; explicitFileType = "compiled.mach-o.dylib"; includeInIndex = 0; path = libRiproc.dylib; sourceTree = BUILT_PRODUCTS_DIR; };
		225973FD133CE9AD0022B52E /* compare.h */ = {isa = PBXFileReference; fileEncoding = 4; lastKnownFileType = sourcecode.c.h; name = compare.h; path = src/core/compare.h; sourceTree = "<group>"; };
		22597400133D081A0022B52E /* matrix.c */ = {isa = PBXFileReference; fileEncoding = 4; lastKnownFileType = sourcecode.c.c; name = matrix.c; path = src/core/matrix.c; sourceTree = "<group>"; };
		22597401133D081A0022B52E /* matrix.h */ = {isa = PBXFileReference; fileEncoding = 4; lastKnownFileType = sourcecode.c.h; name = matrix.h; path = src/core/matrix.h; sourceTree = "<group>"; };
		22597405133D0AFB0022B52E /* actors.c */ = {isa = PBXFileReference; fileEncoding = 4; lastKnownFileType = sourcecode.c.c; name = actors.c; path = src/actors.c; sourceTree = "<group>"; };
		22597406133D0AFB0022B52E /* actors.h */ = {isa = PBXFileReference; fileEncoding = 4; lastKnownFileType = sourcecode.c.h; name = actors.h; path = src/actors.h; sourceTree = "<group>"; };
		22597407133D0AFB0022B52E /* design-ctx.c */ = {isa = PBXFileReference; fileEncoding = 4; lastKnownFileType = sourcecode.c.c; name = "design-ctx.c"; path = "src/design-ctx.c"; sourceTree = "<group>"; };
		22597408133D0AFB0022B52E /* design.c */ = {isa = PBXFileReference; fileEncoding = 4; lastKnownFileType = sourcecode.c.c; name = design.c; path = src/design.c; sourceTree = "<group>"; };
		22597409133D0AFB0022B52E /* design.h */ = {isa = PBXFileReference; fileEncoding = 4; lastKnownFileType = sourcecode.c.h; name = design.h; path = src/design.h; sourceTree = "<group>"; };
		2259740A133D0AFB0022B52E /* fit.c */ = {isa = PBXFileReference; fileEncoding = 4; lastKnownFileType = sourcecode.c.c; name = fit.c; path = src/fit.c; sourceTree = "<group>"; };
		2259740B133D0AFB0022B52E /* fit.h */ = {isa = PBXFileReference; fileEncoding = 4; lastKnownFileType = sourcecode.c.h; name = fit.h; path = src/fit.h; sourceTree = "<group>"; };
		2259740C133D0AFB0022B52E /* history.c */ = {isa = PBXFileReference; fileEncoding = 4; lastKnownFileType = sourcecode.c.c; name = history.c; path = src/history.c; sourceTree = "<group>"; };
		2259740D133D0AFB0022B52E /* history.h */ = {isa = PBXFileReference; fileEncoding = 4; lastKnownFileType = sourcecode.c.h; name = history.h; path = src/history.h; sourceTree = "<group>"; };
		2259740E133D0AFB0022B52E /* loglik.c */ = {isa = PBXFileReference; fileEncoding = 4; lastKnownFileType = sourcecode.c.c; name = loglik.c; path = src/loglik.c; sourceTree = "<group>"; };
		2259740F133D0AFB0022B52E /* loglik.h */ = {isa = PBXFileReference; fileEncoding = 4; lastKnownFileType = sourcecode.c.h; name = loglik.h; path = src/loglik.h; sourceTree = "<group>"; };
		22597410133D0AFB0022B52E /* message-iter.c */ = {isa = PBXFileReference; fileEncoding = 4; lastKnownFileType = sourcecode.c.c; name = "message-iter.c"; path = "src/message-iter.c"; sourceTree = "<group>"; };
		22597411133D0AFB0022B52E /* messages.c */ = {isa = PBXFileReference; fileEncoding = 4; lastKnownFileType = sourcecode.c.c; name = messages.c; path = src/messages.c; sourceTree = "<group>"; };
		22597412133D0AFB0022B52E /* messages.h */ = {isa = PBXFileReference; fileEncoding = 4; lastKnownFileType = sourcecode.c.h; name = messages.h; path = src/messages.h; sourceTree = "<group>"; };
		22597413133D0AFB0022B52E /* model-ctx.c */ = {isa = PBXFileReference; fileEncoding = 4; lastKnownFileType = sourcecode.c.c; name = "model-ctx.c"; path = "src/model-ctx.c"; sourceTree = "<group>"; };
		22597414133D0AFB0022B52E /* model.c */ = {isa = PBXFileReference; fileEncoding = 4; lastKnownFileType = sourcecode.c.c; name = model.c; path = src/model.c; sourceTree = "<group>"; };
		22597415133D0AFB0022B52E /* model.h */ = {isa = PBXFileReference; fileEncoding = 4; lastKnownFileType = sourcecode.c.h; name = model.h; path = src/model.h; sourceTree = "<group>"; };
		22597416133D0AFB0022B52E /* sloglik.c */ = {isa = PBXFileReference; fileEncoding = 4; lastKnownFileType = sourcecode.c.c; name = sloglik.c; path = src/sloglik.c; sourceTree = "<group>"; };
		22597417133D0AFB0022B52E /* sloglik.h */ = {isa = PBXFileReference; fileEncoding = 4; lastKnownFileType = sourcecode.c.h; name = sloglik.h; path = src/sloglik.h; sourceTree = "<group>"; };
		22597418133D0AFB0022B52E /* trace.c */ = {isa = PBXFileReference; fileEncoding = 4; lastKnownFileType = sourcecode.c.c; name = trace.c; path = src/trace.c; sourceTree = "<group>"; };
		22597419133D0AFB0022B52E /* trace.h */ = {isa = PBXFileReference; fileEncoding = 4; lastKnownFileType = sourcecode.c.h; name = trace.h; path = src/trace.h; sourceTree = "<group>"; };
		2259741A133D0AFB0022B52E /* vrecip.c */ = {isa = PBXFileReference; fileEncoding = 4; lastKnownFileType = sourcecode.c.c; name = vrecip.c; path = src/vrecip.c; sourceTree = "<group>"; };
		2259741B133D0AFB0022B52E /* vrecip.h */ = {isa = PBXFileReference; fileEncoding = 4; lastKnownFileType = sourcecode.c.h; name = vrecip.h; path = src/vrecip.h; sourceTree = "<group>"; };
		22597433133D0BD20022B52E /* pqueue.c */ = {isa = PBXFileReference; fileEncoding = 4; lastKnownFileType = sourcecode.c.c; name = pqueue.c; path = src/core/pqueue.c; sourceTree = "<group>"; };
		22597434133D0BD20022B52E /* pqueue.h */ = {isa = PBXFileReference; fileEncoding = 4; lastKnownFileType = sourcecode.c.h; name = pqueue.h; path = src/core/pqueue.h; sourceTree = "<group>"; };
		225DAD62132FE4B700696C9B /* s_cmp.c */ = {isa = PBXFileReference; fileEncoding = 4; lastKnownFileType = sourcecode.c.c; name = s_cmp.c; path = src/libf2c/s_cmp.c; sourceTree = "<group>"; };
		225DAD63132FE4B700696C9B /* s_copy.c */ = {isa = PBXFileReference; fileEncoding = 4; lastKnownFileType = sourcecode.c.c; name = s_copy.c; path = src/libf2c/s_copy.c; sourceTree = "<group>"; };
		22678906134CD584001309F5 /* libcmockery.dylib */ = {isa = PBXFileReference; explicitFileType = "compiled.mach-o.dylib"; includeInIndex = 0; path = libcmockery.dylib; sourceTree = BUILT_PRODUCTS_DIR; };
		2267890B134CD5B3001309F5 /* cmockery.c */ = {isa = PBXFileReference; fileEncoding = 4; lastKnownFileType = sourcecode.c.c; name = cmockery.c; path = tests/cmockery/cmockery.c; sourceTree = "<group>"; };
		2267890C134CD5B3001309F5 /* cmockery.h */ = {isa = PBXFileReference; fileEncoding = 4; lastKnownFileType = sourcecode.c.h; name = cmockery.h; path = tests/cmockery/cmockery.h; sourceTree = "<group>"; };
		22678913134CD651001309F5 /* pqueue_test */ = {isa = PBXFileReference; explicitFileType = "compiled.mach-o.executable"; includeInIndex = 0; path = pqueue_test; sourceTree = BUILT_PRODUCTS_DIR; };
		2267891C134CD66F001309F5 /* pqueue_test.c */ = {isa = PBXFileReference; fileEncoding = 4; lastKnownFileType = sourcecode.c.c; name = pqueue_test.c; path = tests/pqueue_test.c; sourceTree = "<group>"; };
		22708B9E13311B8E0055AD94 /* r-actors.c */ = {isa = PBXFileReference; fileEncoding = 4; lastKnownFileType = sourcecode.c.c; name = "r-actors.c"; path = "interfaces/R/src/r-actors.c"; sourceTree = "<group>"; };
		22708B9F13311B8E0055AD94 /* r-actors.h */ = {isa = PBXFileReference; fileEncoding = 4; lastKnownFileType = sourcecode.c.h; name = "r-actors.h"; path = "interfaces/R/src/r-actors.h"; sourceTree = "<group>"; };
		22708BA013311B8E0055AD94 /* r-cursor.c */ = {isa = PBXFileReference; fileEncoding = 4; lastKnownFileType = sourcecode.c.c; name = "r-cursor.c"; path = "interfaces/R/src/r-cursor.c"; sourceTree = "<group>"; };
		22708BA113311B8E0055AD94 /* r-cursor.h */ = {isa = PBXFileReference; fileEncoding = 4; lastKnownFileType = sourcecode.c.h; name = "r-cursor.h"; path = "interfaces/R/src/r-cursor.h"; sourceTree = "<group>"; };
		22708BA313311B8E0055AD94 /* r-design.c */ = {isa = PBXFileReference; fileEncoding = 4; lastKnownFileType = sourcecode.c.c; name = "r-design.c"; path = "interfaces/R/src/r-design.c"; sourceTree = "<group>"; };
		22708BA413311B8E0055AD94 /* r-design.h */ = {isa = PBXFileReference; fileEncoding = 4; lastKnownFileType = sourcecode.c.h; name = "r-design.h"; path = "interfaces/R/src/r-design.h"; sourceTree = "<group>"; };
		22708BA513311B8E0055AD94 /* r-fit.c */ = {isa = PBXFileReference; fileEncoding = 4; lastKnownFileType = sourcecode.c.c; name = "r-fit.c"; path = "interfaces/R/src/r-fit.c"; sourceTree = "<group>"; };
		22708BA613311B8E0055AD94 /* r-fit.h */ = {isa = PBXFileReference; fileEncoding = 4; lastKnownFileType = sourcecode.c.h; name = "r-fit.h"; path = "interfaces/R/src/r-fit.h"; sourceTree = "<group>"; };
		22708BA713311B8E0055AD94 /* r-init.c */ = {isa = PBXFileReference; fileEncoding = 4; lastKnownFileType = sourcecode.c.c; name = "r-init.c"; path = "interfaces/R/src/r-init.c"; sourceTree = "<group>"; };
		22708BA813311B8E0055AD94 /* r-loglik.c */ = {isa = PBXFileReference; fileEncoding = 4; lastKnownFileType = sourcecode.c.c; name = "r-loglik.c"; path = "interfaces/R/src/r-loglik.c"; sourceTree = "<group>"; };
		22708BA913311B8E0055AD94 /* r-loglik.h */ = {isa = PBXFileReference; fileEncoding = 4; lastKnownFileType = sourcecode.c.h; name = "r-loglik.h"; path = "interfaces/R/src/r-loglik.h"; sourceTree = "<group>"; };
		22708BAA13311B8E0055AD94 /* r-messages.c */ = {isa = PBXFileReference; fileEncoding = 4; lastKnownFileType = sourcecode.c.c; name = "r-messages.c"; path = "interfaces/R/src/r-messages.c"; sourceTree = "<group>"; };
		22708BAB13311B8E0055AD94 /* r-messages.h */ = {isa = PBXFileReference; fileEncoding = 4; lastKnownFileType = sourcecode.c.h; name = "r-messages.h"; path = "interfaces/R/src/r-messages.h"; sourceTree = "<group>"; };
		22708BAC13311B8E0055AD94 /* r-model.c */ = {isa = PBXFileReference; fileEncoding = 4; lastKnownFileType = sourcecode.c.c; name = "r-model.c"; path = "interfaces/R/src/r-model.c"; sourceTree = "<group>"; };
		22708BAD13311B8E0055AD94 /* r-model.h */ = {isa = PBXFileReference; fileEncoding = 4; lastKnownFileType = sourcecode.c.h; name = "r-model.h"; path = "interfaces/R/src/r-model.h"; sourceTree = "<group>"; };
		22708BAE13311B8E0055AD94 /* r-utils.c */ = {isa = PBXFileReference; fileEncoding = 4; lastKnownFileType = sourcecode.c.c; name = "r-utils.c"; path = "interfaces/R/src/r-utils.c"; sourceTree = "<group>"; };
		22708BAF13311B8E0055AD94 /* r-utils.h */ = {isa = PBXFileReference; fileEncoding = 4; lastKnownFileType = sourcecode.c.h; name = "r-utils.h"; path = "interfaces/R/src/r-utils.h"; sourceTree = "<group>"; };
		22867A10132FDA830090D617 /* dcsrch.c */ = {isa = PBXFileReference; fileEncoding = 4; lastKnownFileType = sourcecode.c.c; name = dcsrch.c; path = src/minpack/dcsrch.c; sourceTree = "<group>"; };
		22867A11132FDA830090D617 /* dcstep.c */ = {isa = PBXFileReference; fileEncoding = 4; lastKnownFileType = sourcecode.c.c; name = dcstep.c; path = src/minpack/dcstep.c; sourceTree = "<group>"; };
		22867A15132FDABD0090D617 /* f2c.h */ = {isa = PBXFileReference; fileEncoding = 4; lastKnownFileType = sourcecode.c.h; name = f2c.h; path = src/libf2c/f2c.h; sourceTree = "<group>"; };
		22A2F8A1133158B000E97C79 /* config.h */ = {isa = PBXFileReference; fileEncoding = 4; lastKnownFileType = sourcecode.c.h; name = config.h; path = interfaces/R/src/config.h; sourceTree = "<group>"; };
/* End PBXFileReference section */

/* Begin PBXFrameworksBuildPhase section */
		2223CD23134D8C4D004FA7F9 /* Frameworks */ = {
			isa = PBXFrameworksBuildPhase;
			buildActionMask = 2147483647;
			files = (
				2223CD34134D8C88004FA7F9 /* libcmockery.dylib in Frameworks */,
				2223CD35134D8C88004FA7F9 /* libRiproc.dylib in Frameworks */,
			);
			runOnlyForDeploymentPostprocessing = 0;
		};
		224D0554132EC113007F5646 /* Frameworks */ = {
			isa = PBXFrameworksBuildPhase;
			buildActionMask = 2147483647;
			files = (
				221FEEE9132ED2B40000097B /* vecLib.framework in Frameworks */,
				221FEEE0132ECAAE0000097B /* R.framework in Frameworks */,
			);
			runOnlyForDeploymentPostprocessing = 0;
		};
		22678903134CD584001309F5 /* Frameworks */ = {
			isa = PBXFrameworksBuildPhase;
			buildActionMask = 2147483647;
			files = (
			);
			runOnlyForDeploymentPostprocessing = 0;
		};
		22678910134CD651001309F5 /* Frameworks */ = {
			isa = PBXFrameworksBuildPhase;
			buildActionMask = 2147483647;
			files = (
				22678934134CD75B001309F5 /* libcmockery.dylib in Frameworks */,
				2267891F134CD6AB001309F5 /* libRiproc.dylib in Frameworks */,
			);
			runOnlyForDeploymentPostprocessing = 0;
		};
/* End PBXFrameworksBuildPhase section */

/* Begin PBXGroup section */
		221FEE68132EC83F0000097B /* Core */ = {
			isa = PBXGroup;
			children = (
				221C60161351FF7C0008B25B /* hashset.c */,
				221C60171351FF800008B25B /* hashset.h */,
				221C5FEB134E230D0008B25B /* array.c */,
				221C5FEC134E230D0008B25B /* array.h */,
				225973FD133CE9AD0022B52E /* compare.h */,
				2223CD0E134D76F8004FA7F9 /* darray.c */,
				2223CD0F134D76F8004FA7F9 /* darray.h */,
				221FEE74132EC8710000097B /* hash.c */,
				221FEE75132EC8710000097B /* hash.h */,
				221C601413511AD80008B25B /* macconfig.h */,
				221C5FDA134DB9BC0008B25B /* port.h */,
				22597433133D0BD20022B52E /* pqueue.c */,
				22597434133D0BD20022B52E /* pqueue.h */,
				221C600C134FADCD0008B25B /* sarray.c */,
				221C600D134FADCD0008B25B /* sarray.h */,
				221C5FF0134EB7E50008B25B /* util.c */,
				221FEE8D132EC8710000097B /* util.h */,
				221FEE8E132EC8710000097B /* vector.c */,
				221FEE8F132EC8710000097B /* vector.h */,
				221FEE6D132EC8710000097B /* blas-private.h */,
				221FEE78132EC8710000097B /* ieee754.c */,
				221FEE79132EC8710000097B /* ieee754.h */,
				221FEE7C132EC8710000097B /* logsumexp.c */,
				221FEE7D132EC8710000097B /* logsumexp.h */,
				22597400133D081A0022B52E /* matrix.c */,
				22597401133D081A0022B52E /* matrix.h */,
				221FEE80132EC8710000097B /* memory.h */,
				221FEE87132EC8710000097B /* refcount.c */,
				221FEE88132EC8710000097B /* refcount.h */,
				221FEE8B132EC8710000097B /* svector.c */,
				221FEE8C132EC8710000097B /* svector.h */,
			);
			name = Core;
			sourceTree = "<group>";
		};
		221FEEBB132EC8970000097B /* R */ = {
			isa = PBXGroup;
			children = (
				22A2F8A1133158B000E97C79 /* config.h */,
				22708B9E13311B8E0055AD94 /* r-actors.c */,
				22708B9F13311B8E0055AD94 /* r-actors.h */,
				22708BA013311B8E0055AD94 /* r-cursor.c */,
				22708BA113311B8E0055AD94 /* r-cursor.h */,
				22708BA313311B8E0055AD94 /* r-design.c */,
				22708BA413311B8E0055AD94 /* r-design.h */,
				22708BA513311B8E0055AD94 /* r-fit.c */,
				22708BA613311B8E0055AD94 /* r-fit.h */,
				22708BA713311B8E0055AD94 /* r-init.c */,
				22708BA813311B8E0055AD94 /* r-loglik.c */,
				22708BA913311B8E0055AD94 /* r-loglik.h */,
				22708BAA13311B8E0055AD94 /* r-messages.c */,
				22708BAB13311B8E0055AD94 /* r-messages.h */,
				22708BAC13311B8E0055AD94 /* r-model.c */,
				22708BAD13311B8E0055AD94 /* r-model.h */,
				22708BAE13311B8E0055AD94 /* r-utils.c */,
				22708BAF13311B8E0055AD94 /* r-utils.h */,
			);
			name = R;
			sourceTree = "<group>";
		};
		22597404133D0ABE0022B52E /* IProc */ = {
			isa = PBXGroup;
			children = (
				22597405133D0AFB0022B52E /* actors.c */,
				22597406133D0AFB0022B52E /* actors.h */,
				22597407133D0AFB0022B52E /* design-ctx.c */,
				22597408133D0AFB0022B52E /* design.c */,
				22597409133D0AFB0022B52E /* design.h */,
				2259740A133D0AFB0022B52E /* fit.c */,
				2259740B133D0AFB0022B52E /* fit.h */,
				2259740C133D0AFB0022B52E /* history.c */,
				2259740D133D0AFB0022B52E /* history.h */,
				2259740E133D0AFB0022B52E /* loglik.c */,
				2259740F133D0AFB0022B52E /* loglik.h */,
				22597410133D0AFB0022B52E /* message-iter.c */,
				22597411133D0AFB0022B52E /* messages.c */,
				22597412133D0AFB0022B52E /* messages.h */,
				22597413133D0AFB0022B52E /* model-ctx.c */,
				22597414133D0AFB0022B52E /* model.c */,
				22597415133D0AFB0022B52E /* model.h */,
				22597416133D0AFB0022B52E /* sloglik.c */,
				22597417133D0AFB0022B52E /* sloglik.h */,
				22597418133D0AFB0022B52E /* trace.c */,
				22597419133D0AFB0022B52E /* trace.h */,
				2259741A133D0AFB0022B52E /* vrecip.c */,
				2259741B133D0AFB0022B52E /* vrecip.h */,
			);
			name = IProc;
			sourceTree = "<group>";
		};
		22678900134CD568001309F5 /* Tests */ = {
			isa = PBXGroup;
			children = (
				2223CD20134D8C11004FA7F9 /* darray_test.c */,
				2267891C134CD66F001309F5 /* pqueue_test.c */,
				2267890A134CD594001309F5 /* cmockery */,
			);
			name = Tests;
			sourceTree = "<group>";
		};
		2267890A134CD594001309F5 /* cmockery */ = {
			isa = PBXGroup;
			children = (
				2267890B134CD5B3001309F5 /* cmockery.c */,
				2267890C134CD5B3001309F5 /* cmockery.h */,
			);
			name = cmockery;
			sourceTree = "<group>";
		};
		2275BB84132EAC9D002D8876 = {
			isa = PBXGroup;
			children = (
				22678906134CD584001309F5 /* libcmockery.dylib */,
				224D0557132EC113007F5646 /* libRiproc.dylib */,
				22678900134CD568001309F5 /* Tests */,
				22597404133D0ABE0022B52E /* IProc */,
				221FEE68132EC83F0000097B /* Core */,
				22867A14132FDA8E0090D617 /* Libf2c */,
				22867A0E132FDA580090D617 /* Minpack */,
				221FEEBB132EC8970000097B /* R */,
				22E8B6DC132EFE2100ED84FF /* Frameworks */,
				2275BB90132EAC9D002D8876 /* Products */,
			);
			sourceTree = "<group>";
		};
		2275BB90132EAC9D002D8876 /* Products */ = {
			isa = PBXGroup;
			children = (
				22678913134CD651001309F5 /* pqueue_test */,
				2223CD26134D8C4D004FA7F9 /* darray_test */,
			);
			name = Products;
			sourceTree = "<group>";
		};
		22867A0E132FDA580090D617 /* Minpack */ = {
			isa = PBXGroup;
			children = (
				22867A10132FDA830090D617 /* dcsrch.c */,
				22867A11132FDA830090D617 /* dcstep.c */,
			);
			name = Minpack;
			sourceTree = "<group>";
		};
		22867A14132FDA8E0090D617 /* Libf2c */ = {
			isa = PBXGroup;
			children = (
				22867A15132FDABD0090D617 /* f2c.h */,
				225DAD62132FE4B700696C9B /* s_cmp.c */,
				225DAD63132FE4B700696C9B /* s_copy.c */,
			);
			name = Libf2c;
			sourceTree = "<group>";
		};
		22E8B6DC132EFE2100ED84FF /* Frameworks */ = {
			isa = PBXGroup;
			children = (
				221FEEDC132EC91A0000097B /* R.framework */,
				221FEEE8132ED2B40000097B /* vecLib.framework */,
			);
			name = Frameworks;
			sourceTree = "<group>";
		};
/* End PBXGroup section */

/* Begin PBXHeadersBuildPhase section */
		224D0555132EC113007F5646 /* Headers */ = {
			isa = PBXHeadersBuildPhase;
			buildActionMask = 2147483647;
			files = (
				221FEE96132EC8710000097B /* blas-private.h in Headers */,
				221FEE9E132EC8710000097B /* hash.h in Headers */,
				221FEEA2132EC8710000097B /* ieee754.h in Headers */,
				221FEEA6132EC8710000097B /* logsumexp.h in Headers */,
				221FEEA9132EC8710000097B /* memory.h in Headers */,
				221FEEB1132EC8710000097B /* refcount.h in Headers */,
				221FEEB5132EC8710000097B /* svector.h in Headers */,
				221FEEB6132EC8710000097B /* util.h in Headers */,
				221FEEB8132EC8710000097B /* vector.h in Headers */,
				22867A16132FDABD0090D617 /* f2c.h in Headers */,
				22708BB113311B8E0055AD94 /* r-actors.h in Headers */,
				22708BB313311B8E0055AD94 /* r-cursor.h in Headers */,
				22708BB613311B8E0055AD94 /* r-design.h in Headers */,
				22708BB813311B8E0055AD94 /* r-fit.h in Headers */,
				22708BBB13311B8E0055AD94 /* r-loglik.h in Headers */,
				22708BBD13311B8E0055AD94 /* r-messages.h in Headers */,
				22708BBF13311B8E0055AD94 /* r-model.h in Headers */,
				22708BC113311B8E0055AD94 /* r-utils.h in Headers */,
				22A2F8A2133158B000E97C79 /* config.h in Headers */,
				225973FF133CE9AD0022B52E /* compare.h in Headers */,
				22597403133D081B0022B52E /* matrix.h in Headers */,
				2259741D133D0AFB0022B52E /* actors.h in Headers */,
				22597420133D0AFB0022B52E /* design.h in Headers */,
				22597422133D0AFB0022B52E /* fit.h in Headers */,
				22597424133D0AFB0022B52E /* history.h in Headers */,
				22597426133D0AFB0022B52E /* loglik.h in Headers */,
				22597429133D0AFB0022B52E /* messages.h in Headers */,
				2259742C133D0AFB0022B52E /* model.h in Headers */,
				2259742E133D0AFB0022B52E /* sloglik.h in Headers */,
				22597430133D0AFB0022B52E /* trace.h in Headers */,
				22597432133D0AFB0022B52E /* vrecip.h in Headers */,
				22597436133D0BD30022B52E /* pqueue.h in Headers */,
				2223CD11134D76F8004FA7F9 /* darray.h in Headers */,
				221C5FDB134DB9BC0008B25B /* port.h in Headers */,
				221C5FEE134E230D0008B25B /* array.h in Headers */,
				221C600F134FADCD0008B25B /* sarray.h in Headers */,
				221C601513511ADA0008B25B /* macconfig.h in Headers */,
				221C60191351FF8F0008B25B /* hashset.h in Headers */,
			);
			runOnlyForDeploymentPostprocessing = 0;
		};
		22678904134CD584001309F5 /* Headers */ = {
			isa = PBXHeadersBuildPhase;
			buildActionMask = 2147483647;
			files = (
				2267890E134CD5B3001309F5 /* cmockery.h in Headers */,
			);
			runOnlyForDeploymentPostprocessing = 0;
		};
/* End PBXHeadersBuildPhase section */

/* Begin PBXNativeTarget section */
		2223CD25134D8C4D004FA7F9 /* darray_test */ = {
			isa = PBXNativeTarget;
			buildConfigurationList = 2223CD2C134D8C4E004FA7F9 /* Build configuration list for PBXNativeTarget "darray_test" */;
			buildPhases = (
				2223CD22134D8C4D004FA7F9 /* Sources */,
				2223CD23134D8C4D004FA7F9 /* Frameworks */,
				2223CD24134D8C4D004FA7F9 /* CopyFiles */,
			);
			buildRules = (
			);
			dependencies = (
				2223CD32134D8C69004FA7F9 /* PBXTargetDependency */,
				2223CD30134D8C65004FA7F9 /* PBXTargetDependency */,
			);
			name = darray_test;
			productName = darray_test;
			productReference = 2223CD26134D8C4D004FA7F9 /* darray_test */;
			productType = "com.apple.product-type.tool";
		};
		224D0556132EC113007F5646 /* Riproc */ = {
			isa = PBXNativeTarget;
			buildConfigurationList = 224D0558132EC113007F5646 /* Build configuration list for PBXNativeTarget "Riproc" */;
			buildPhases = (
				224D0553132EC113007F5646 /* Sources */,
				224D0554132EC113007F5646 /* Frameworks */,
				224D0555132EC113007F5646 /* Headers */,
			);
			buildRules = (
			);
			dependencies = (
			);
			name = Riproc;
			productName = Riproc;
			productReference = 224D0557132EC113007F5646 /* libRiproc.dylib */;
			productType = "com.apple.product-type.library.dynamic";
		};
		22678905134CD584001309F5 /* cmockery */ = {
			isa = PBXNativeTarget;
			buildConfigurationList = 22678907134CD584001309F5 /* Build configuration list for PBXNativeTarget "cmockery" */;
			buildPhases = (
				22678902134CD584001309F5 /* Sources */,
				22678903134CD584001309F5 /* Frameworks */,
				22678904134CD584001309F5 /* Headers */,
			);
			buildRules = (
			);
			dependencies = (
			);
			name = cmockery;
			productName = cmockery;
			productReference = 22678906134CD584001309F5 /* libcmockery.dylib */;
			productType = "com.apple.product-type.library.dynamic";
		};
		22678912134CD651001309F5 /* pqueue_test */ = {
			isa = PBXNativeTarget;
			buildConfigurationList = 22678919134CD651001309F5 /* Build configuration list for PBXNativeTarget "pqueue_test" */;
			buildPhases = (
				2267890F134CD651001309F5 /* Sources */,
				22678910134CD651001309F5 /* Frameworks */,
				22678911134CD651001309F5 /* CopyFiles */,
			);
			buildRules = (
			);
			dependencies = (
				22678925134CD708001309F5 /* PBXTargetDependency */,
			);
			name = pqueue_test;
			productName = pqueue_test;
			productReference = 22678913134CD651001309F5 /* pqueue_test */;
			productType = "com.apple.product-type.tool";
		};
/* End PBXNativeTarget section */

/* Begin PBXProject section */
		2275BB86132EAC9D002D8876 /* Project object */ = {
			isa = PBXProject;
			attributes = {
				ORGANIZATIONNAME = "Patrick Perry";
			};
			buildConfigurationList = 2275BB89132EAC9D002D8876 /* Build configuration list for PBXProject "iproc" */;
			compatibilityVersion = "Xcode 3.2";
			developmentRegion = English;
			hasScannedForEncodings = 0;
			knownRegions = (
				en,
			);
			mainGroup = 2275BB84132EAC9D002D8876;
			productRefGroup = 2275BB90132EAC9D002D8876 /* Products */;
			projectDirPath = "";
			projectRoot = "";
			targets = (
				224D0556132EC113007F5646 /* Riproc */,
				22678905134CD584001309F5 /* cmockery */,
				22678912134CD651001309F5 /* pqueue_test */,
				2223CD25134D8C4D004FA7F9 /* darray_test */,
			);
		};
/* End PBXProject section */

/* Begin PBXSourcesBuildPhase section */
		2223CD22134D8C4D004FA7F9 /* Sources */ = {
			isa = PBXSourcesBuildPhase;
			buildActionMask = 2147483647;
			files = (
				2223CD33134D8C6F004FA7F9 /* darray_test.c in Sources */,
			);
			runOnlyForDeploymentPostprocessing = 0;
		};
		224D0553132EC113007F5646 /* Sources */ = {
			isa = PBXSourcesBuildPhase;
			buildActionMask = 2147483647;
			files = (
				221FEE9D132EC8710000097B /* hash.c in Sources */,
				221FEEA1132EC8710000097B /* ieee754.c in Sources */,
				221FEEA5132EC8710000097B /* logsumexp.c in Sources */,
				221FEEB0132EC8710000097B /* refcount.c in Sources */,
				221FEEB4132EC8710000097B /* svector.c in Sources */,
				221FEEB7132EC8710000097B /* vector.c in Sources */,
				22867A12132FDA830090D617 /* dcsrch.c in Sources */,
				22867A13132FDA830090D617 /* dcstep.c in Sources */,
				225DAD64132FE4B700696C9B /* s_cmp.c in Sources */,
				225DAD65132FE4B700696C9B /* s_copy.c in Sources */,
				22708BB013311B8E0055AD94 /* r-actors.c in Sources */,
				22708BB213311B8E0055AD94 /* r-cursor.c in Sources */,
				22708BB513311B8E0055AD94 /* r-design.c in Sources */,
				22708BB713311B8E0055AD94 /* r-fit.c in Sources */,
				22708BB913311B8E0055AD94 /* r-init.c in Sources */,
				22708BBA13311B8E0055AD94 /* r-loglik.c in Sources */,
				22708BBC13311B8E0055AD94 /* r-messages.c in Sources */,
				22708BBE13311B8E0055AD94 /* r-model.c in Sources */,
				22708BC013311B8E0055AD94 /* r-utils.c in Sources */,
				22597402133D081B0022B52E /* matrix.c in Sources */,
				2259741C133D0AFB0022B52E /* actors.c in Sources */,
				2259741E133D0AFB0022B52E /* design-ctx.c in Sources */,
				2259741F133D0AFB0022B52E /* design.c in Sources */,
				22597421133D0AFB0022B52E /* fit.c in Sources */,
				22597423133D0AFB0022B52E /* history.c in Sources */,
				22597425133D0AFB0022B52E /* loglik.c in Sources */,
				22597427133D0AFB0022B52E /* message-iter.c in Sources */,
				22597428133D0AFB0022B52E /* messages.c in Sources */,
				2259742A133D0AFB0022B52E /* model-ctx.c in Sources */,
				2259742B133D0AFB0022B52E /* model.c in Sources */,
				2259742D133D0AFB0022B52E /* sloglik.c in Sources */,
				2259742F133D0AFB0022B52E /* trace.c in Sources */,
				22597431133D0AFB0022B52E /* vrecip.c in Sources */,
				22597435133D0BD30022B52E /* pqueue.c in Sources */,
				2223CD10134D76F8004FA7F9 /* darray.c in Sources */,
				221C5FED134E230D0008B25B /* array.c in Sources */,
				221C5FF1134EB7E60008B25B /* util.c in Sources */,
				221C600E134FADCD0008B25B /* sarray.c in Sources */,
				221C60181351FF8F0008B25B /* hashset.c in Sources */,
			);
			runOnlyForDeploymentPostprocessing = 0;
		};
		22678902134CD584001309F5 /* Sources */ = {
			isa = PBXSourcesBuildPhase;
			buildActionMask = 2147483647;
			files = (
				2267890D134CD5B3001309F5 /* cmockery.c in Sources */,
			);
			runOnlyForDeploymentPostprocessing = 0;
		};
		2267890F134CD651001309F5 /* Sources */ = {
			isa = PBXSourcesBuildPhase;
			buildActionMask = 2147483647;
			files = (
				2267891D134CD66F001309F5 /* pqueue_test.c in Sources */,
			);
			runOnlyForDeploymentPostprocessing = 0;
		};
/* End PBXSourcesBuildPhase section */

/* Begin PBXTargetDependency section */
		2223CD30134D8C65004FA7F9 /* PBXTargetDependency */ = {
			isa = PBXTargetDependency;
			target = 22678905134CD584001309F5 /* cmockery */;
			targetProxy = 2223CD2F134D8C65004FA7F9 /* PBXContainerItemProxy */;
		};
		2223CD32134D8C69004FA7F9 /* PBXTargetDependency */ = {
			isa = PBXTargetDependency;
			target = 224D0556132EC113007F5646 /* Riproc */;
			targetProxy = 2223CD31134D8C69004FA7F9 /* PBXContainerItemProxy */;
		};
		22678925134CD708001309F5 /* PBXTargetDependency */ = {
			isa = PBXTargetDependency;
			target = 22678905134CD584001309F5 /* cmockery */;
			targetProxy = 22678924134CD708001309F5 /* PBXContainerItemProxy */;
		};
/* End PBXTargetDependency section */

/* Begin XCBuildConfiguration section */
		2223CD2D134D8C4E004FA7F9 /* Debug */ = {
			isa = XCBuildConfiguration;
			buildSettings = {
				ALWAYS_SEARCH_USER_PATHS = NO;
				COPY_PHASE_STRIP = NO;
				GCC_DYNAMIC_NO_PIC = NO;
				GCC_ENABLE_OBJC_EXCEPTIONS = YES;
				PRODUCT_NAME = "$(TARGET_NAME)";
			};
			name = Debug;
		};
		2223CD2E134D8C4E004FA7F9 /* Release */ = {
			isa = XCBuildConfiguration;
			buildSettings = {
				ALWAYS_SEARCH_USER_PATHS = NO;
				COPY_PHASE_STRIP = YES;
				DEBUG_INFORMATION_FORMAT = "dwarf-with-dsym";
				GCC_ENABLE_OBJC_EXCEPTIONS = YES;
				PRODUCT_NAME = "$(TARGET_NAME)";
			};
			name = Release;
		};
		224D0559132EC113007F5646 /* Debug */ = {
			isa = XCBuildConfiguration;
			buildSettings = {
				ALWAYS_SEARCH_USER_PATHS = NO;
				ARCHS = "$(ARCHS_STANDARD_32_64_BIT)";
				COPY_PHASE_STRIP = NO;
				EXECUTABLE_PREFIX = lib;
				GCC_DYNAMIC_NO_PIC = NO;
				GCC_ENABLE_OBJC_EXCEPTIONS = YES;
				GCC_PREPROCESSOR_DEFINITIONS = DEBUG;
				HEADER_SEARCH_PATHS = (
					interfaces/R/src,
					/Library/Frameworks/R.framework/Resources/include,
				);
				LIBRARY_SEARCH_PATHS = (
					/Library/Frameworks/R.framework/Resources/lib/x86_64,
					"\"$(LOCAL_LIBRARY_DIR)/Frameworks/R.framework/Versions/2.12/Resources/lib\"",
				);
				PRODUCT_NAME = "$(TARGET_NAME)";
				VALID_ARCHS = "i386 x86_64";
			};
			name = Debug;
		};
		224D055A132EC113007F5646 /* Release */ = {
			isa = XCBuildConfiguration;
			buildSettings = {
				ALWAYS_SEARCH_USER_PATHS = NO;
				ARCHS = "$(ARCHS_STANDARD_32_64_BIT)";
				COPY_PHASE_STRIP = YES;
				DEBUG_INFORMATION_FORMAT = "dwarf-with-dsym";
				EXECUTABLE_PREFIX = lib;
				GCC_ENABLE_OBJC_EXCEPTIONS = YES;
				GCC_PREPROCESSOR_DEFINITIONS = "";
				HEADER_SEARCH_PATHS = (
					interfaces/R/src,
					/Library/Frameworks/R.framework/Resources/include,
				);
				LIBRARY_SEARCH_PATHS = (
					/Library/Frameworks/R.framework/Resources/lib/x86_64,
					"\"$(LOCAL_LIBRARY_DIR)/Frameworks/R.framework/Versions/2.12/Resources/lib\"",
				);
				PRODUCT_NAME = "$(TARGET_NAME)";
				VALID_ARCHS = "i386 x86_64";
			};
			name = Release;
		};
		22678908134CD584001309F5 /* Debug */ = {
			isa = XCBuildConfiguration;
			buildSettings = {
				ALWAYS_SEARCH_USER_PATHS = NO;
				COPY_PHASE_STRIP = NO;
				EXECUTABLE_PREFIX = lib;
				GCC_DYNAMIC_NO_PIC = NO;
				GCC_ENABLE_OBJC_EXCEPTIONS = YES;
				PRODUCT_NAME = "$(TARGET_NAME)";
			};
			name = Debug;
		};
		22678909134CD584001309F5 /* Release */ = {
			isa = XCBuildConfiguration;
			buildSettings = {
				ALWAYS_SEARCH_USER_PATHS = NO;
				COPY_PHASE_STRIP = YES;
				DEBUG_INFORMATION_FORMAT = "dwarf-with-dsym";
				EXECUTABLE_PREFIX = lib;
				GCC_ENABLE_OBJC_EXCEPTIONS = YES;
				PRODUCT_NAME = "$(TARGET_NAME)";
			};
			name = Release;
		};
		2267891A134CD651001309F5 /* Debug */ = {
			isa = XCBuildConfiguration;
			buildSettings = {
				ALWAYS_SEARCH_USER_PATHS = NO;
				COPY_PHASE_STRIP = NO;
				GCC_DYNAMIC_NO_PIC = NO;
				GCC_ENABLE_OBJC_EXCEPTIONS = YES;
				PRODUCT_NAME = "$(TARGET_NAME)";
			};
			name = Debug;
		};
		2267891B134CD651001309F5 /* Release */ = {
			isa = XCBuildConfiguration;
			buildSettings = {
				ALWAYS_SEARCH_USER_PATHS = NO;
				COPY_PHASE_STRIP = YES;
				DEBUG_INFORMATION_FORMAT = "dwarf-with-dsym";
				GCC_ENABLE_OBJC_EXCEPTIONS = YES;
				PRODUCT_NAME = "$(TARGET_NAME)";
			};
			name = Release;
		};
		2275BB91132EAC9D002D8876 /* Debug */ = {
			isa = XCBuildConfiguration;
			buildSettings = {
				ARCHS = "$(ARCHS_STANDARD_32_64_BIT)";
				GCC_C_LANGUAGE_STANDARD = gnu99;
				GCC_OPTIMIZATION_LEVEL = 0;
				GCC_PREPROCESSOR_DEFINITIONS = DEBUG;
				GCC_SYMBOLS_PRIVATE_EXTERN = NO;
				GCC_VERSION = com.apple.compilers.llvm.clang.1_0;
				GCC_WARN_64_TO_32_BIT_CONVERSION = YES;
				GCC_WARN_ABOUT_RETURN_TYPE = YES;
				GCC_WARN_UNUSED_VARIABLE = YES;
				MACOSX_DEPLOYMENT_TARGET = 10.6;
				ONLY_ACTIVE_ARCH = YES;
				SDKROOT = macosx;
			};
			name = Debug;
		};
		2275BB92132EAC9D002D8876 /* Release */ = {
			isa = XCBuildConfiguration;
			buildSettings = {
				ARCHS = "$(ARCHS_STANDARD_32_64_BIT)";
				GCC_C_LANGUAGE_STANDARD = gnu99;
				GCC_VERSION = com.apple.compilers.llvm.clang.1_0;
				GCC_WARN_64_TO_32_BIT_CONVERSION = YES;
				GCC_WARN_ABOUT_RETURN_TYPE = YES;
				GCC_WARN_UNUSED_VARIABLE = YES;
				MACOSX_DEPLOYMENT_TARGET = 10.6;
				SDKROOT = macosx;
			};
			name = Release;
		};
/* End XCBuildConfiguration section */

/* Begin XCConfigurationList section */
		2223CD2C134D8C4E004FA7F9 /* Build configuration list for PBXNativeTarget "darray_test" */ = {
			isa = XCConfigurationList;
			buildConfigurations = (
				2223CD2D134D8C4E004FA7F9 /* Debug */,
				2223CD2E134D8C4E004FA7F9 /* Release */,
			);
			defaultConfigurationIsVisible = 0;
			defaultConfigurationName = Release;
		};
		224D0558132EC113007F5646 /* Build configuration list for PBXNativeTarget "Riproc" */ = {
			isa = XCConfigurationList;
			buildConfigurations = (
				224D0559132EC113007F5646 /* Debug */,
				224D055A132EC113007F5646 /* Release */,
			);
			defaultConfigurationIsVisible = 0;
			defaultConfigurationName = Release;
		};
		22678907134CD584001309F5 /* Build configuration list for PBXNativeTarget "cmockery" */ = {
			isa = XCConfigurationList;
			buildConfigurations = (
				22678908134CD584001309F5 /* Debug */,
				22678909134CD584001309F5 /* Release */,
			);
			defaultConfigurationIsVisible = 0;
			defaultConfigurationName = Release;
		};
		22678919134CD651001309F5 /* Build configuration list for PBXNativeTarget "pqueue_test" */ = {
			isa = XCConfigurationList;
			buildConfigurations = (
				2267891A134CD651001309F5 /* Debug */,
				2267891B134CD651001309F5 /* Release */,
			);
			defaultConfigurationIsVisible = 0;
			defaultConfigurationName = Release;
		};
		2275BB89132EAC9D002D8876 /* Build configuration list for PBXProject "iproc" */ = {
			isa = XCConfigurationList;
			buildConfigurations = (
				2275BB91132EAC9D002D8876 /* Debug */,
				2275BB92132EAC9D002D8876 /* Release */,
			);
			defaultConfigurationIsVisible = 0;
			defaultConfigurationName = Release;
		};
/* End XCConfigurationList section */
	};
	rootObject = 2275BB86132EAC9D002D8876 /* Project object */;
}
